// !$*UTF8*$!
{
	archiveVersion = 1;
	classes = {
	};
	objectVersion = 56;
	objects = {

/* Begin PBXBuildFile section */
		5325CCDD2BD70B6200E039D2 /* zamboniApp.swift in Sources */ = {isa = PBXBuildFile; fileRef = 5325CCDC2BD70B6200E039D2 /* zamboniApp.swift */; };
		5325CCDF2BD70B6200E039D2 /* HomeView.swift in Sources */ = {isa = PBXBuildFile; fileRef = 5325CCDE2BD70B6200E039D2 /* HomeView.swift */; };
		5325CCE12BD70B6300E039D2 /* Assets.xcassets in Resources */ = {isa = PBXBuildFile; fileRef = 5325CCE02BD70B6300E039D2 /* Assets.xcassets */; };
		5325CCE52BD70B6300E039D2 /* Preview Assets.xcassets in Resources */ = {isa = PBXBuildFile; fileRef = 5325CCE42BD70B6300E039D2 /* Preview Assets.xcassets */; };
		5325CCF22BD70D8E00E039D2 /* APIService.swift in Sources */ = {isa = PBXBuildFile; fileRef = 5325CCF12BD70D8E00E039D2 /* APIService.swift */; };
		5325CCF42BD70FD800E039D2 /* LoginView.swift in Sources */ = {isa = PBXBuildFile; fileRef = 5325CCF32BD70FD800E039D2 /* LoginView.swift */; };
		5325CCF62BD7105900E039D2 /* LoginViewModel.swift in Sources */ = {isa = PBXBuildFile; fileRef = 5325CCF52BD7105900E039D2 /* LoginViewModel.swift */; };
		5325CCF82BD7126300E039D2 /* GamesViewModel.swift in Sources */ = {isa = PBXBuildFile; fileRef = 5325CCF72BD7126300E039D2 /* GamesViewModel.swift */; };
		535606652BD745660020A197 /* Game.swift in Sources */ = {isa = PBXBuildFile; fileRef = 535606642BD745660020A197 /* Game.swift */; };
		535606672BD7D57F0020A197 /* GameView.swift in Sources */ = {isa = PBXBuildFile; fileRef = 535606662BD7D57F0020A197 /* GameView.swift */; };
		535606692BD7D5880020A197 /* GameViewModel.swift in Sources */ = {isa = PBXBuildFile; fileRef = 535606682BD7D5880020A197 /* GameViewModel.swift */; };
		5356066D2BD7DC9B0020A197 /* StreamView.swift in Sources */ = {isa = PBXBuildFile; fileRef = 5356066C2BD7DC9B0020A197 /* StreamView.swift */; };
		5356066F2BD7DCAC0020A197 /* StreamViewModel.swift in Sources */ = {isa = PBXBuildFile; fileRef = 5356066E2BD7DCAC0020A197 /* StreamViewModel.swift */; };
		535606722BD7EBBD0020A197 /* PlayerViewController.swift in Sources */ = {isa = PBXBuildFile; fileRef = 535606712BD7EBBD0020A197 /* PlayerViewController.swift */; };
		535606742BD80AEB0020A197 /* GamesView.swift in Sources */ = {isa = PBXBuildFile; fileRef = 535606732BD80AEB0020A197 /* GamesView.swift */; };
		535606762BD80AF40020A197 /* SettingsView.swift in Sources */ = {isa = PBXBuildFile; fileRef = 535606752BD80AF40020A197 /* SettingsView.swift */; };
		535606782BD80DD20020A197 /* SettingsViewModel.swift in Sources */ = {isa = PBXBuildFile; fileRef = 535606772BD80DD20020A197 /* SettingsViewModel.swift */; };
		5356067B2BD81AD50020A197 /* SettingsService.swift in Sources */ = {isa = PBXBuildFile; fileRef = 5356067A2BD81AD50020A197 /* SettingsService.swift */; };
		5356067D2BD82A120020A197 /* PlainDate.swift in Sources */ = {isa = PBXBuildFile; fileRef = 5356067C2BD82A120020A197 /* PlainDate.swift */; };
/* End PBXBuildFile section */

/* Begin PBXFileReference section */
		5325CCD92BD70B6200E039D2 /* zamboni.app */ = {isa = PBXFileReference; explicitFileType = wrapper.application; includeInIndex = 0; path = zamboni.app; sourceTree = BUILT_PRODUCTS_DIR; };
		5325CCDC2BD70B6200E039D2 /* zamboniApp.swift */ = {isa = PBXFileReference; lastKnownFileType = sourcecode.swift; path = zamboniApp.swift; sourceTree = "<group>"; };
		5325CCDE2BD70B6200E039D2 /* HomeView.swift */ = {isa = PBXFileReference; lastKnownFileType = sourcecode.swift; path = HomeView.swift; sourceTree = "<group>"; };
		5325CCE02BD70B6300E039D2 /* Assets.xcassets */ = {isa = PBXFileReference; lastKnownFileType = folder.assetcatalog; path = Assets.xcassets; sourceTree = "<group>"; };
		5325CCE22BD70B6300E039D2 /* zamboni.entitlements */ = {isa = PBXFileReference; lastKnownFileType = text.plist.entitlements; path = zamboni.entitlements; sourceTree = "<group>"; };
		5325CCE42BD70B6300E039D2 /* Preview Assets.xcassets */ = {isa = PBXFileReference; lastKnownFileType = folder.assetcatalog; path = "Preview Assets.xcassets"; sourceTree = "<group>"; };
		5325CCF12BD70D8E00E039D2 /* APIService.swift */ = {isa = PBXFileReference; lastKnownFileType = sourcecode.swift; path = APIService.swift; sourceTree = "<group>"; };
		5325CCF32BD70FD800E039D2 /* LoginView.swift */ = {isa = PBXFileReference; lastKnownFileType = sourcecode.swift; path = LoginView.swift; sourceTree = "<group>"; };
		5325CCF52BD7105900E039D2 /* LoginViewModel.swift */ = {isa = PBXFileReference; lastKnownFileType = sourcecode.swift; path = LoginViewModel.swift; sourceTree = "<group>"; };
		5325CCF72BD7126300E039D2 /* GamesViewModel.swift */ = {isa = PBXFileReference; lastKnownFileType = sourcecode.swift; path = GamesViewModel.swift; sourceTree = "<group>"; };
		535606642BD745660020A197 /* Game.swift */ = {isa = PBXFileReference; lastKnownFileType = sourcecode.swift; path = Game.swift; sourceTree = "<group>"; };
		535606662BD7D57F0020A197 /* GameView.swift */ = {isa = PBXFileReference; lastKnownFileType = sourcecode.swift; path = GameView.swift; sourceTree = "<group>"; };
		535606682BD7D5880020A197 /* GameViewModel.swift */ = {isa = PBXFileReference; lastKnownFileType = sourcecode.swift; path = GameViewModel.swift; sourceTree = "<group>"; };
		5356066C2BD7DC9B0020A197 /* StreamView.swift */ = {isa = PBXFileReference; lastKnownFileType = sourcecode.swift; path = StreamView.swift; sourceTree = "<group>"; };
		5356066E2BD7DCAC0020A197 /* StreamViewModel.swift */ = {isa = PBXFileReference; lastKnownFileType = sourcecode.swift; path = StreamViewModel.swift; sourceTree = "<group>"; };
		535606712BD7EBBD0020A197 /* PlayerViewController.swift */ = {isa = PBXFileReference; lastKnownFileType = sourcecode.swift; path = PlayerViewController.swift; sourceTree = "<group>"; };
		535606732BD80AEB0020A197 /* GamesView.swift */ = {isa = PBXFileReference; lastKnownFileType = sourcecode.swift; path = GamesView.swift; sourceTree = "<group>"; };
		535606752BD80AF40020A197 /* SettingsView.swift */ = {isa = PBXFileReference; lastKnownFileType = sourcecode.swift; path = SettingsView.swift; sourceTree = "<group>"; };
		535606772BD80DD20020A197 /* SettingsViewModel.swift */ = {isa = PBXFileReference; lastKnownFileType = sourcecode.swift; path = SettingsViewModel.swift; sourceTree = "<group>"; };
		5356067A2BD81AD50020A197 /* SettingsService.swift */ = {isa = PBXFileReference; lastKnownFileType = sourcecode.swift; path = SettingsService.swift; sourceTree = "<group>"; };
		5356067C2BD82A120020A197 /* PlainDate.swift */ = {isa = PBXFileReference; lastKnownFileType = sourcecode.swift; path = PlainDate.swift; sourceTree = "<group>"; };
/* End PBXFileReference section */

/* Begin PBXFrameworksBuildPhase section */
		5325CCD62BD70B6200E039D2 /* Frameworks */ = {
			isa = PBXFrameworksBuildPhase;
			buildActionMask = 2147483647;
			files = (
			);
			runOnlyForDeploymentPostprocessing = 0;
		};
/* End PBXFrameworksBuildPhase section */

/* Begin PBXGroup section */
		5325CCD02BD70B6200E039D2 = {
			isa = PBXGroup;
			children = (
				5325CCDB2BD70B6200E039D2 /* zamboni */,
				5325CCDA2BD70B6200E039D2 /* Products */,
			);
			sourceTree = "<group>";
		};
		5325CCDA2BD70B6200E039D2 /* Products */ = {
			isa = PBXGroup;
			children = (
				5325CCD92BD70B6200E039D2 /* zamboni.app */,
			);
			name = Products;
			sourceTree = "<group>";
		};
		5325CCDB2BD70B6200E039D2 /* zamboni */ = {
			isa = PBXGroup;
			children = (
				535606792BD81ACA0020A197 /* Settings */,
				535606702BD7EBA90020A197 /* ViewController */,
				5325CCF02BD70D6C00E039D2 /* API Service */,
				5325CCEF2BD70CFE00E039D2 /* ViewModel */,
				5325CCEE2BD70CDB00E039D2 /* Model */,
				5325CCED2BD70CD700E039D2 /* View */,
				5325CCDC2BD70B6200E039D2 /* zamboniApp.swift */,
				5325CCE02BD70B6300E039D2 /* Assets.xcassets */,
				5325CCE22BD70B6300E039D2 /* zamboni.entitlements */,
				5325CCE32BD70B6300E039D2 /* Preview Content */,
			);
			path = zamboni;
			sourceTree = "<group>";
		};
		5325CCE32BD70B6300E039D2 /* Preview Content */ = {
			isa = PBXGroup;
			children = (
				5325CCE42BD70B6300E039D2 /* Preview Assets.xcassets */,
			);
			path = "Preview Content";
			sourceTree = "<group>";
		};
		5325CCED2BD70CD700E039D2 /* View */ = {
			isa = PBXGroup;
			children = (
				5325CCDE2BD70B6200E039D2 /* HomeView.swift */,
				5325CCF32BD70FD800E039D2 /* LoginView.swift */,
				535606662BD7D57F0020A197 /* GameView.swift */,
				5356066C2BD7DC9B0020A197 /* StreamView.swift */,
				535606732BD80AEB0020A197 /* GamesView.swift */,
				535606752BD80AF40020A197 /* SettingsView.swift */,
			);
			path = View;
			sourceTree = "<group>";
		};
		5325CCEE2BD70CDB00E039D2 /* Model */ = {
			isa = PBXGroup;
			children = (
				535606642BD745660020A197 /* Game.swift */,
				5356067C2BD82A120020A197 /* PlainDate.swift */,
			);
			path = Model;
			sourceTree = "<group>";
		};
		5325CCEF2BD70CFE00E039D2 /* ViewModel */ = {
			isa = PBXGroup;
			children = (
				5325CCF52BD7105900E039D2 /* LoginViewModel.swift */,
				5325CCF72BD7126300E039D2 /* GamesViewModel.swift */,
				535606682BD7D5880020A197 /* GameViewModel.swift */,
				5356066E2BD7DCAC0020A197 /* StreamViewModel.swift */,
				535606772BD80DD20020A197 /* SettingsViewModel.swift */,
			);
			path = ViewModel;
			sourceTree = "<group>";
		};
		5325CCF02BD70D6C00E039D2 /* API Service */ = {
			isa = PBXGroup;
			children = (
				5325CCF12BD70D8E00E039D2 /* APIService.swift */,
			);
			path = "API Service";
			sourceTree = "<group>";
		};
		535606702BD7EBA90020A197 /* ViewController */ = {
			isa = PBXGroup;
			children = (
				535606712BD7EBBD0020A197 /* PlayerViewController.swift */,
			);
			path = ViewController;
			sourceTree = "<group>";
		};
		535606792BD81ACA0020A197 /* Settings */ = {
			isa = PBXGroup;
			children = (
				5356067A2BD81AD50020A197 /* SettingsService.swift */,
			);
			path = Settings;
			sourceTree = "<group>";
		};
/* End PBXGroup section */

/* Begin PBXNativeTarget section */
		5325CCD82BD70B6200E039D2 /* zamboni */ = {
			isa = PBXNativeTarget;
			buildConfigurationList = 5325CCE82BD70B6300E039D2 /* Build configuration list for PBXNativeTarget "zamboni" */;
			buildPhases = (
				5325CCD52BD70B6200E039D2 /* Sources */,
				5325CCD62BD70B6200E039D2 /* Frameworks */,
				5325CCD72BD70B6200E039D2 /* Resources */,
			);
			buildRules = (
			);
			dependencies = (
			);
			name = zamboni;
			productName = zamboni;
			productReference = 5325CCD92BD70B6200E039D2 /* zamboni.app */;
			productType = "com.apple.product-type.application";
		};
/* End PBXNativeTarget section */

/* Begin PBXProject section */
		5325CCD12BD70B6200E039D2 /* Project object */ = {
			isa = PBXProject;
			attributes = {
				BuildIndependentTargetsInParallel = 1;
				LastSwiftUpdateCheck = 1530;
				LastUpgradeCheck = 1530;
				TargetAttributes = {
					5325CCD82BD70B6200E039D2 = {
						CreatedOnToolsVersion = 15.3;
					};
				};
			};
			buildConfigurationList = 5325CCD42BD70B6200E039D2 /* Build configuration list for PBXProject "zamboni" */;
			compatibilityVersion = "Xcode 14.0";
			developmentRegion = en;
			hasScannedForEncodings = 0;
			knownRegions = (
				en,
				Base,
			);
			mainGroup = 5325CCD02BD70B6200E039D2;
			productRefGroup = 5325CCDA2BD70B6200E039D2 /* Products */;
			projectDirPath = "";
			projectRoot = "";
			targets = (
				5325CCD82BD70B6200E039D2 /* zamboni */,
			);
		};
/* End PBXProject section */

/* Begin PBXResourcesBuildPhase section */
		5325CCD72BD70B6200E039D2 /* Resources */ = {
			isa = PBXResourcesBuildPhase;
			buildActionMask = 2147483647;
			files = (
				5325CCE52BD70B6300E039D2 /* Preview Assets.xcassets in Resources */,
				5325CCE12BD70B6300E039D2 /* Assets.xcassets in Resources */,
			);
			runOnlyForDeploymentPostprocessing = 0;
		};
/* End PBXResourcesBuildPhase section */

/* Begin PBXSourcesBuildPhase section */
		5325CCD52BD70B6200E039D2 /* Sources */ = {
			isa = PBXSourcesBuildPhase;
			buildActionMask = 2147483647;
			files = (
				535606692BD7D5880020A197 /* GameViewModel.swift in Sources */,
				5325CCDF2BD70B6200E039D2 /* HomeView.swift in Sources */,
				5356067B2BD81AD50020A197 /* SettingsService.swift in Sources */,
				535606742BD80AEB0020A197 /* GamesView.swift in Sources */,
				5325CCF82BD7126300E039D2 /* GamesViewModel.swift in Sources */,
				5356066F2BD7DCAC0020A197 /* StreamViewModel.swift in Sources */,
				535606782BD80DD20020A197 /* SettingsViewModel.swift in Sources */,
				535606652BD745660020A197 /* Game.swift in Sources */,
				535606722BD7EBBD0020A197 /* PlayerViewController.swift in Sources */,
				535606762BD80AF40020A197 /* SettingsView.swift in Sources */,
				5325CCF22BD70D8E00E039D2 /* APIService.swift in Sources */,
				5325CCF42BD70FD800E039D2 /* LoginView.swift in Sources */,
				5356067D2BD82A120020A197 /* PlainDate.swift in Sources */,
				5325CCF62BD7105900E039D2 /* LoginViewModel.swift in Sources */,
				535606672BD7D57F0020A197 /* GameView.swift in Sources */,
				5356066D2BD7DC9B0020A197 /* StreamView.swift in Sources */,
				5325CCDD2BD70B6200E039D2 /* zamboniApp.swift in Sources */,
			);
			runOnlyForDeploymentPostprocessing = 0;
		};
/* End PBXSourcesBuildPhase section */

/* Begin XCBuildConfiguration section */
		5325CCE62BD70B6300E039D2 /* Debug */ = {
			isa = XCBuildConfiguration;
			buildSettings = {
				ALWAYS_SEARCH_USER_PATHS = NO;
				ASSETCATALOG_COMPILER_GENERATE_SWIFT_ASSET_SYMBOL_EXTENSIONS = YES;
				CLANG_ANALYZER_NONNULL = YES;
				CLANG_ANALYZER_NUMBER_OBJECT_CONVERSION = YES_AGGRESSIVE;
				CLANG_CXX_LANGUAGE_STANDARD = "gnu++20";
				CLANG_ENABLE_MODULES = YES;
				CLANG_ENABLE_OBJC_ARC = YES;
				CLANG_ENABLE_OBJC_WEAK = YES;
				CLANG_WARN_BLOCK_CAPTURE_AUTORELEASING = YES;
				CLANG_WARN_BOOL_CONVERSION = YES;
				CLANG_WARN_COMMA = YES;
				CLANG_WARN_CONSTANT_CONVERSION = YES;
				CLANG_WARN_DEPRECATED_OBJC_IMPLEMENTATIONS = YES;
				CLANG_WARN_DIRECT_OBJC_ISA_USAGE = YES_ERROR;
				CLANG_WARN_DOCUMENTATION_COMMENTS = YES;
				CLANG_WARN_EMPTY_BODY = YES;
				CLANG_WARN_ENUM_CONVERSION = YES;
				CLANG_WARN_INFINITE_RECURSION = YES;
				CLANG_WARN_INT_CONVERSION = YES;
				CLANG_WARN_NON_LITERAL_NULL_CONVERSION = YES;
				CLANG_WARN_OBJC_IMPLICIT_RETAIN_SELF = YES;
				CLANG_WARN_OBJC_LITERAL_CONVERSION = YES;
				CLANG_WARN_OBJC_ROOT_CLASS = YES_ERROR;
				CLANG_WARN_QUOTED_INCLUDE_IN_FRAMEWORK_HEADER = YES;
				CLANG_WARN_RANGE_LOOP_ANALYSIS = YES;
				CLANG_WARN_STRICT_PROTOTYPES = YES;
				CLANG_WARN_SUSPICIOUS_MOVE = YES;
				CLANG_WARN_UNGUARDED_AVAILABILITY = YES_AGGRESSIVE;
				CLANG_WARN_UNREACHABLE_CODE = YES;
				CLANG_WARN__DUPLICATE_METHOD_MATCH = YES;
				COPY_PHASE_STRIP = NO;
				DEBUG_INFORMATION_FORMAT = dwarf;
				ENABLE_STRICT_OBJC_MSGSEND = YES;
				ENABLE_TESTABILITY = YES;
				ENABLE_USER_SCRIPT_SANDBOXING = YES;
				GCC_C_LANGUAGE_STANDARD = gnu17;
				GCC_DYNAMIC_NO_PIC = NO;
				GCC_NO_COMMON_BLOCKS = YES;
				GCC_OPTIMIZATION_LEVEL = 0;
				GCC_PREPROCESSOR_DEFINITIONS = (
					"DEBUG=1",
					"$(inherited)",
				);
				GCC_WARN_64_TO_32_BIT_CONVERSION = YES;
				GCC_WARN_ABOUT_RETURN_TYPE = YES_ERROR;
				GCC_WARN_UNDECLARED_SELECTOR = YES;
				GCC_WARN_UNINITIALIZED_AUTOS = YES_AGGRESSIVE;
				GCC_WARN_UNUSED_FUNCTION = YES;
				GCC_WARN_UNUSED_VARIABLE = YES;
				LOCALIZATION_PREFERS_STRING_CATALOGS = YES;
				MTL_ENABLE_DEBUG_INFO = INCLUDE_SOURCE;
				MTL_FAST_MATH = YES;
				ONLY_ACTIVE_ARCH = YES;
				SWIFT_ACTIVE_COMPILATION_CONDITIONS = "DEBUG $(inherited)";
				SWIFT_OPTIMIZATION_LEVEL = "-Onone";
			};
			name = Debug;
		};
		5325CCE72BD70B6300E039D2 /* Release */ = {
			isa = XCBuildConfiguration;
			buildSettings = {
				ALWAYS_SEARCH_USER_PATHS = NO;
				ASSETCATALOG_COMPILER_GENERATE_SWIFT_ASSET_SYMBOL_EXTENSIONS = YES;
				CLANG_ANALYZER_NONNULL = YES;
				CLANG_ANALYZER_NUMBER_OBJECT_CONVERSION = YES_AGGRESSIVE;
				CLANG_CXX_LANGUAGE_STANDARD = "gnu++20";
				CLANG_ENABLE_MODULES = YES;
				CLANG_ENABLE_OBJC_ARC = YES;
				CLANG_ENABLE_OBJC_WEAK = YES;
				CLANG_WARN_BLOCK_CAPTURE_AUTORELEASING = YES;
				CLANG_WARN_BOOL_CONVERSION = YES;
				CLANG_WARN_COMMA = YES;
				CLANG_WARN_CONSTANT_CONVERSION = YES;
				CLANG_WARN_DEPRECATED_OBJC_IMPLEMENTATIONS = YES;
				CLANG_WARN_DIRECT_OBJC_ISA_USAGE = YES_ERROR;
				CLANG_WARN_DOCUMENTATION_COMMENTS = YES;
				CLANG_WARN_EMPTY_BODY = YES;
				CLANG_WARN_ENUM_CONVERSION = YES;
				CLANG_WARN_INFINITE_RECURSION = YES;
				CLANG_WARN_INT_CONVERSION = YES;
				CLANG_WARN_NON_LITERAL_NULL_CONVERSION = YES;
				CLANG_WARN_OBJC_IMPLICIT_RETAIN_SELF = YES;
				CLANG_WARN_OBJC_LITERAL_CONVERSION = YES;
				CLANG_WARN_OBJC_ROOT_CLASS = YES_ERROR;
				CLANG_WARN_QUOTED_INCLUDE_IN_FRAMEWORK_HEADER = YES;
				CLANG_WARN_RANGE_LOOP_ANALYSIS = YES;
				CLANG_WARN_STRICT_PROTOTYPES = YES;
				CLANG_WARN_SUSPICIOUS_MOVE = YES;
				CLANG_WARN_UNGUARDED_AVAILABILITY = YES_AGGRESSIVE;
				CLANG_WARN_UNREACHABLE_CODE = YES;
				CLANG_WARN__DUPLICATE_METHOD_MATCH = YES;
				COPY_PHASE_STRIP = NO;
				DEBUG_INFORMATION_FORMAT = "dwarf-with-dsym";
				ENABLE_NS_ASSERTIONS = NO;
				ENABLE_STRICT_OBJC_MSGSEND = YES;
				ENABLE_USER_SCRIPT_SANDBOXING = YES;
				GCC_C_LANGUAGE_STANDARD = gnu17;
				GCC_NO_COMMON_BLOCKS = YES;
				GCC_WARN_64_TO_32_BIT_CONVERSION = YES;
				GCC_WARN_ABOUT_RETURN_TYPE = YES_ERROR;
				GCC_WARN_UNDECLARED_SELECTOR = YES;
				GCC_WARN_UNINITIALIZED_AUTOS = YES_AGGRESSIVE;
				GCC_WARN_UNUSED_FUNCTION = YES;
				GCC_WARN_UNUSED_VARIABLE = YES;
				LOCALIZATION_PREFERS_STRING_CATALOGS = YES;
				MTL_ENABLE_DEBUG_INFO = NO;
				MTL_FAST_MATH = YES;
				SWIFT_COMPILATION_MODE = wholemodule;
			};
			name = Release;
		};
		5325CCE92BD70B6300E039D2 /* Debug */ = {
			isa = XCBuildConfiguration;
			buildSettings = {
				ASSETCATALOG_COMPILER_APPICON_NAME = AppIcon;
				ASSETCATALOG_COMPILER_GLOBAL_ACCENT_COLOR_NAME = AccentColor;
				ASSETCATALOG_COMPILER_INCLUDE_ALL_APPICON_ASSETS = NO;
				CODE_SIGN_ENTITLEMENTS = zamboni/zamboni.entitlements;
				CODE_SIGN_STYLE = Automatic;
				CURRENT_PROJECT_VERSION = 1;
				DEVELOPMENT_ASSET_PATHS = "\"zamboni/Preview Content\"";
				DEVELOPMENT_TEAM = EYYK6K8NV6;
				ENABLE_HARDENED_RUNTIME = YES;
				ENABLE_PREVIEWS = YES;
				GENERATE_INFOPLIST_FILE = YES;
				INFOPLIST_KEY_CFBundleDisplayName = Zamboni;
				INFOPLIST_KEY_LSApplicationCategoryType = "public.app-category.sports";
				"INFOPLIST_KEY_UIApplicationSceneManifest_Generation[sdk=iphoneos*]" = YES;
				"INFOPLIST_KEY_UIApplicationSceneManifest_Generation[sdk=iphonesimulator*]" = YES;
				"INFOPLIST_KEY_UIApplicationSupportsIndirectInputEvents[sdk=iphoneos*]" = YES;
				"INFOPLIST_KEY_UIApplicationSupportsIndirectInputEvents[sdk=iphonesimulator*]" = YES;
				"INFOPLIST_KEY_UILaunchScreen_Generation[sdk=iphoneos*]" = YES;
				"INFOPLIST_KEY_UILaunchScreen_Generation[sdk=iphonesimulator*]" = YES;
				"INFOPLIST_KEY_UIStatusBarStyle[sdk=iphoneos*]" = UIStatusBarStyleDefault;
				"INFOPLIST_KEY_UIStatusBarStyle[sdk=iphonesimulator*]" = UIStatusBarStyleDefault;
				INFOPLIST_KEY_UISupportedInterfaceOrientations = "UIInterfaceOrientationLandscapeLeft UIInterfaceOrientationLandscapeRight UIInterfaceOrientationPortrait";
				INFOPLIST_KEY_UISupportedInterfaceOrientations_iPad = "UIInterfaceOrientationLandscapeLeft UIInterfaceOrientationLandscapeRight UIInterfaceOrientationPortrait UIInterfaceOrientationPortraitUpsideDown";
				IPHONEOS_DEPLOYMENT_TARGET = 17.4;
				LD_RUNPATH_SEARCH_PATHS = "@executable_path/Frameworks";
				"LD_RUNPATH_SEARCH_PATHS[sdk=macosx*]" = "@executable_path/../Frameworks";
				MACOSX_DEPLOYMENT_TARGET = 14.4;
				MARKETING_VERSION = 1.0;
				PRODUCT_BUNDLE_IDENTIFIER = com.birarda.zamboni;
				PRODUCT_NAME = "$(TARGET_NAME)";
				SDKROOT = auto;
				SUPPORTED_PLATFORMS = "appletvos appletvsimulator iphoneos iphonesimulator";
				SUPPORTS_MACCATALYST = YES;
				SWIFT_EMIT_LOC_STRINGS = YES;
				SWIFT_VERSION = 5.0;
				TARGETED_DEVICE_FAMILY = "1,2,3";
			};
			name = Debug;
		};
		5325CCEA2BD70B6300E039D2 /* Release */ = {
			isa = XCBuildConfiguration;
			buildSettings = {
				ASSETCATALOG_COMPILER_APPICON_NAME = AppIcon;
				ASSETCATALOG_COMPILER_GLOBAL_ACCENT_COLOR_NAME = AccentColor;
				ASSETCATALOG_COMPILER_INCLUDE_ALL_APPICON_ASSETS = NO;
				CODE_SIGN_ENTITLEMENTS = zamboni/zamboni.entitlements;
				CODE_SIGN_STYLE = Automatic;
				CURRENT_PROJECT_VERSION = 1;
				DEVELOPMENT_ASSET_PATHS = "\"zamboni/Preview Content\"";
				DEVELOPMENT_TEAM = EYYK6K8NV6;
				ENABLE_HARDENED_RUNTIME = YES;
				ENABLE_PREVIEWS = YES;
				GENERATE_INFOPLIST_FILE = YES;
				INFOPLIST_KEY_CFBundleDisplayName = Zamboni;
				INFOPLIST_KEY_LSApplicationCategoryType = "public.app-category.sports";
				"INFOPLIST_KEY_UIApplicationSceneManifest_Generation[sdk=iphoneos*]" = YES;
				"INFOPLIST_KEY_UIApplicationSceneManifest_Generation[sdk=iphonesimulator*]" = YES;
				"INFOPLIST_KEY_UIApplicationSupportsIndirectInputEvents[sdk=iphoneos*]" = YES;
				"INFOPLIST_KEY_UIApplicationSupportsIndirectInputEvents[sdk=iphonesimulator*]" = YES;
				"INFOPLIST_KEY_UILaunchScreen_Generation[sdk=iphoneos*]" = YES;
				"INFOPLIST_KEY_UILaunchScreen_Generation[sdk=iphonesimulator*]" = YES;
				"INFOPLIST_KEY_UIStatusBarStyle[sdk=iphoneos*]" = UIStatusBarStyleDefault;
				"INFOPLIST_KEY_UIStatusBarStyle[sdk=iphonesimulator*]" = UIStatusBarStyleDefault;
				INFOPLIST_KEY_UISupportedInterfaceOrientations = "UIInterfaceOrientationLandscapeLeft UIInterfaceOrientationLandscapeRight UIInterfaceOrientationPortrait";
				INFOPLIST_KEY_UISupportedInterfaceOrientations_iPad = "UIInterfaceOrientationLandscapeLeft UIInterfaceOrientationLandscapeRight UIInterfaceOrientationPortrait UIInterfaceOrientationPortraitUpsideDown";
				IPHONEOS_DEPLOYMENT_TARGET = 17.4;
				LD_RUNPATH_SEARCH_PATHS = "@executable_path/Frameworks";
				"LD_RUNPATH_SEARCH_PATHS[sdk=macosx*]" = "@executable_path/../Frameworks";
				MACOSX_DEPLOYMENT_TARGET = 14.4;
				MARKETING_VERSION = 1.0;
				PRODUCT_BUNDLE_IDENTIFIER = com.birarda.zamboni;
				PRODUCT_NAME = "$(TARGET_NAME)";
				SDKROOT = auto;
				SUPPORTED_PLATFORMS = "appletvos appletvsimulator iphoneos iphonesimulator";
				SUPPORTS_MACCATALYST = YES;
				SWIFT_EMIT_LOC_STRINGS = YES;
				SWIFT_VERSION = 5.0;
				TARGETED_DEVICE_FAMILY = "1,2,3";
			};
			name = Release;
		};
/* End XCBuildConfiguration section */

/* Begin XCConfigurationList section */
		5325CCD42BD70B6200E039D2 /* Build configuration list for PBXProject "zamboni" */ = {
			isa = XCConfigurationList;
			buildConfigurations = (
				5325CCE62BD70B6300E039D2 /* Debug */,
				5325CCE72BD70B6300E039D2 /* Release */,
			);
			defaultConfigurationIsVisible = 0;
			defaultConfigurationName = Release;
		};
		5325CCE82BD70B6300E039D2 /* Build configuration list for PBXNativeTarget "zamboni" */ = {
			isa = XCConfigurationList;
			buildConfigurations = (
				5325CCE92BD70B6300E039D2 /* Debug */,
				5325CCEA2BD70B6300E039D2 /* Release */,
			);
			defaultConfigurationIsVisible = 0;
			defaultConfigurationName = Release;
		};
/* End XCConfigurationList section */
	};
	rootObject = 5325CCD12BD70B6200E039D2 /* Project object */;
}
